
Microsoft Visual Studio Solution File, Format Version 12.00
# Visual Studio Version 16
VisualStudioVersion = 16.0.32228.343
MinimumVisualStudioVersion = 10.0.40219.1
Project("{FAE04EC0-301F-11D3-BF4B-00C04F79EFBC}") = "taskclass2", "taskclass2\taskclass2.csproj", "{BA2D09C3-2AA9-4A56-AEBA-BE492E10CEB8}"
EndProject
Global
	GlobalSection(SolutionConfigurationPlatforms) = preSolution
		Debug|Any CPU = Debug|Any CPU
		Release|Any CPU = Release|Any CPU
	EndGlobalSection
	GlobalSection(ProjectConfigurationPlatforms) = postSolution
		{BA2D09C3-2AA9-4A56-AEBA-BE492E10CEB8}.Debug|Any CPU.ActiveCfg = Debug|Any CPU
		{BA2D09C3-2AA9-4A56-AEBA-BE492E10CEB8}.Debug|Any CPU.Build.0 = Debug|Any CPU
		{BA2D09C3-2AA9-4A56-AEBA-BE492E10CEB8}.Release|Any CPU.ActiveCfg = Release|Any CPU
		{BA2D09C3-2AA9-4A56-AEBA-BE492E10CEB8}.Release|Any CPU.Build.0 = Release|Any CPU
	EndGlobalSection
	GlobalSection(SolutionProperties) = preSolution
		HideSolutionNode = FALSE
	EndGlobalSection
	GlobalSection(ExtensibilityGlobals) = postSolution
		SolutionGuid = {46BCC3F6-DF80-49CF-A02D-C8149D0135CA}
	EndGlobalSection
EndGlobal
